
Microsoft Visual Studio Solution File, Format Version 12.00
# Visual Studio Version 17
VisualStudioVersion = 17.0.31903.59
MinimumVisualStudioVersion = 10.0.40219.1
Project("{2150E333-8FDC-42A3-9474-1A3956D46DE8}") = "src", "src", "{827E0CD3-B72D-47B6-A68D-7590B98EB39B}"
EndProject
Project("{FAE04EC0-301F-11D3-BF4B-00C04F79EFBC}") = "Shop.Domain", "src\Shop.Domain\Shop.Domain.csproj", "{63713F6E-EF59-4678-93FA-6B171459C52D}"
EndProject
Project("{FAE04EC0-301F-11D3-BF4B-00C04F79EFBC}") = "Shop.Infrastructure", "src\Shop.Infrastructure\Shop.Infrastructure.csproj", "{3732D18C-C24E-4BF0-AF5B-FE196F98B98A}"
EndProject
Project("{FAE04EC0-301F-11D3-BF4B-00C04F79EFBC}") = "Shop.Api", "src\Shop.Api\Shop.Api.csproj", "{4ABB6A62-AA5F-4CC8-BCB7-06B02CE9AC08}"
EndProject
Project("{2150E333-8FDC-42A3-9474-1A3956D46DE8}") = "tests", "tests", "{0AB3BF05-4346-4AA6-1389-037BE0695223}"
EndProject
Project("{FAE04EC0-301F-11D3-BF4B-00C04F79EFBC}") = "Shop.Api.Tests", "tests\Shop.Api.Tests\Shop.Api.Tests.csproj", "{855E7900-A949-4ACE-9B71-06B56344BB27}"
EndProject
Project("{FAE04EC0-301F-11D3-BF4B-00C04F79EFBC}") = "Buyer.Api", "src\Buyer.Api\Buyer.Api.csproj", "{FF6E88BA-74C3-41F1-A7F0-75EEDE077A12}"
EndProject
Project("{FAE04EC0-301F-11D3-BF4B-00C04F79EFBC}") = "Buyer.Api.Tests", "tests\Buyer.Api.Tests\Buyer.Api.Tests.csproj", "{251377A9-A220-453D-A28D-310021FC7497}"
EndProject
Project("{FAE04EC0-301F-11D3-BF4B-00C04F79EFBC}") = "Bank.Api", "src\Bank.Api\Bank.Api.csproj", "{64E5605D-B02E-48FC-BFB4-5A7875DC867E}"
EndProject
Project("{FAE04EC0-301F-11D3-BF4B-00C04F79EFBC}") = "Bank.Api.Tests", "tests\Bank.Api.Tests\Bank.Api.Tests.csproj", "{734A9A79-CFD4-43A1-9707-63BF6E566C4F}"
EndProject
Global
	GlobalSection(SolutionConfigurationPlatforms) = preSolution
		Debug|Any CPU = Debug|Any CPU
		Debug|x64 = Debug|x64
		Debug|x86 = Debug|x86
		Release|Any CPU = Release|Any CPU
		Release|x64 = Release|x64
		Release|x86 = Release|x86
	EndGlobalSection
	GlobalSection(ProjectConfigurationPlatforms) = postSolution
		{63713F6E-EF59-4678-93FA-6B171459C52D}.Debug|Any CPU.ActiveCfg = Debug|Any CPU
		{63713F6E-EF59-4678-93FA-6B171459C52D}.Debug|Any CPU.Build.0 = Debug|Any CPU
		{63713F6E-EF59-4678-93FA-6B171459C52D}.Debug|x64.ActiveCfg = Debug|Any CPU
		{63713F6E-EF59-4678-93FA-6B171459C52D}.Debug|x64.Build.0 = Debug|Any CPU
		{63713F6E-EF59-4678-93FA-6B171459C52D}.Debug|x86.ActiveCfg = Debug|Any CPU
		{63713F6E-EF59-4678-93FA-6B171459C52D}.Debug|x86.Build.0 = Debug|Any CPU
		{63713F6E-EF59-4678-93FA-6B171459C52D}.Release|Any CPU.ActiveCfg = Release|Any CPU
		{63713F6E-EF59-4678-93FA-6B171459C52D}.Release|Any CPU.Build.0 = Release|Any CPU
		{63713F6E-EF59-4678-93FA-6B171459C52D}.Release|x64.ActiveCfg = Release|Any CPU
		{63713F6E-EF59-4678-93FA-6B171459C52D}.Release|x64.Build.0 = Release|Any CPU
		{63713F6E-EF59-4678-93FA-6B171459C52D}.Release|x86.ActiveCfg = Release|Any CPU
		{63713F6E-EF59-4678-93FA-6B171459C52D}.Release|x86.Build.0 = Release|Any CPU
		{3732D18C-C24E-4BF0-AF5B-FE196F98B98A}.Debug|Any CPU.ActiveCfg = Debug|Any CPU
		{3732D18C-C24E-4BF0-AF5B-FE196F98B98A}.Debug|Any CPU.Build.0 = Debug|Any CPU
		{3732D18C-C24E-4BF0-AF5B-FE196F98B98A}.Debug|x64.ActiveCfg = Debug|Any CPU
		{3732D18C-C24E-4BF0-AF5B-FE196F98B98A}.Debug|x64.Build.0 = Debug|Any CPU
		{3732D18C-C24E-4BF0-AF5B-FE196F98B98A}.Debug|x86.ActiveCfg = Debug|Any CPU
		{3732D18C-C24E-4BF0-AF5B-FE196F98B98A}.Debug|x86.Build.0 = Debug|Any CPU
		{3732D18C-C24E-4BF0-AF5B-FE196F98B98A}.Release|Any CPU.ActiveCfg = Release|Any CPU
		{3732D18C-C24E-4BF0-AF5B-FE196F98B98A}.Release|Any CPU.Build.0 = Release|Any CPU
		{3732D18C-C24E-4BF0-AF5B-FE196F98B98A}.Release|x64.ActiveCfg = Release|Any CPU
		{3732D18C-C24E-4BF0-AF5B-FE196F98B98A}.Release|x64.Build.0 = Release|Any CPU
		{3732D18C-C24E-4BF0-AF5B-FE196F98B98A}.Release|x86.ActiveCfg = Release|Any CPU
		{3732D18C-C24E-4BF0-AF5B-FE196F98B98A}.Release|x86.Build.0 = Release|Any CPU
		{4ABB6A62-AA5F-4CC8-BCB7-06B02CE9AC08}.Debug|Any CPU.ActiveCfg = Debug|Any CPU
		{4ABB6A62-AA5F-4CC8-BCB7-06B02CE9AC08}.Debug|Any CPU.Build.0 = Debug|Any CPU
		{4ABB6A62-AA5F-4CC8-BCB7-06B02CE9AC08}.Debug|x64.ActiveCfg = Debug|Any CPU
		{4ABB6A62-AA5F-4CC8-BCB7-06B02CE9AC08}.Debug|x64.Build.0 = Debug|Any CPU
		{4ABB6A62-AA5F-4CC8-BCB7-06B02CE9AC08}.Debug|x86.ActiveCfg = Debug|Any CPU
		{4ABB6A62-AA5F-4CC8-BCB7-06B02CE9AC08}.Debug|x86.Build.0 = Debug|Any CPU
		{4ABB6A62-AA5F-4CC8-BCB7-06B02CE9AC08}.Release|Any CPU.ActiveCfg = Release|Any CPU
		{4ABB6A62-AA5F-4CC8-BCB7-06B02CE9AC08}.Release|Any CPU.Build.0 = Release|Any CPU
		{4ABB6A62-AA5F-4CC8-BCB7-06B02CE9AC08}.Release|x64.ActiveCfg = Release|Any CPU
		{4ABB6A62-AA5F-4CC8-BCB7-06B02CE9AC08}.Release|x64.Build.0 = Release|Any CPU
		{4ABB6A62-AA5F-4CC8-BCB7-06B02CE9AC08}.Release|x86.ActiveCfg = Release|Any CPU
		{4ABB6A62-AA5F-4CC8-BCB7-06B02CE9AC08}.Release|x86.Build.0 = Release|Any CPU
		{855E7900-A949-4ACE-9B71-06B56344BB27}.Debug|Any CPU.ActiveCfg = Debug|Any CPU
		{855E7900-A949-4ACE-9B71-06B56344BB27}.Debug|Any CPU.Build.0 = Debug|Any CPU
		{855E7900-A949-4ACE-9B71-06B56344BB27}.Debug|x64.ActiveCfg = Debug|Any CPU
		{855E7900-A949-4ACE-9B71-06B56344BB27}.Debug|x64.Build.0 = Debug|Any CPU
		{855E7900-A949-4ACE-9B71-06B56344BB27}.Debug|x86.ActiveCfg = Debug|Any CPU
		{855E7900-A949-4ACE-9B71-06B56344BB27}.Debug|x86.Build.0 = Debug|Any CPU
		{855E7900-A949-4ACE-9B71-06B56344BB27}.Release|Any CPU.ActiveCfg = Release|Any CPU
		{855E7900-A949-4ACE-9B71-06B56344BB27}.Release|Any CPU.Build.0 = Release|Any CPU
		{855E7900-A949-4ACE-9B71-06B56344BB27}.Release|x64.ActiveCfg = Release|Any CPU
		{855E7900-A949-4ACE-9B71-06B56344BB27}.Release|x64.Build.0 = Release|Any CPU
		{855E7900-A949-4ACE-9B71-06B56344BB27}.Release|x86.ActiveCfg = Release|Any CPU
		{855E7900-A949-4ACE-9B71-06B56344BB27}.Release|x86.Build.0 = Release|Any CPU
		{FF6E88BA-74C3-41F1-A7F0-75EEDE077A12}.Debug|Any CPU.ActiveCfg = Debug|Any CPU
		{FF6E88BA-74C3-41F1-A7F0-75EEDE077A12}.Debug|Any CPU.Build.0 = Debug|Any CPU
		{FF6E88BA-74C3-41F1-A7F0-75EEDE077A12}.Debug|x64.ActiveCfg = Debug|Any CPU
		{FF6E88BA-74C3-41F1-A7F0-75EEDE077A12}.Debug|x64.Build.0 = Debug|Any CPU
		{FF6E88BA-74C3-41F1-A7F0-75EEDE077A12}.Debug|x86.ActiveCfg = Debug|Any CPU
		{FF6E88BA-74C3-41F1-A7F0-75EEDE077A12}.Debug|x86.Build.0 = Debug|Any CPU
		{FF6E88BA-74C3-41F1-A7F0-75EEDE077A12}.Release|Any CPU.ActiveCfg = Release|Any CPU
		{FF6E88BA-74C3-41F1-A7F0-75EEDE077A12}.Release|Any CPU.Build.0 = Release|Any CPU
		{FF6E88BA-74C3-41F1-A7F0-75EEDE077A12}.Release|x64.ActiveCfg = Release|Any CPU
		{FF6E88BA-74C3-41F1-A7F0-75EEDE077A12}.Release|x64.Build.0 = Release|Any CPU
		{FF6E88BA-74C3-41F1-A7F0-75EEDE077A12}.Release|x86.ActiveCfg = Release|Any CPU
		{FF6E88BA-74C3-41F1-A7F0-75EEDE077A12}.Release|x86.Build.0 = Release|Any CPU
		{251377A9-A220-453D-A28D-310021FC7497}.Debug|Any CPU.ActiveCfg = Debug|Any CPU
		{251377A9-A220-453D-A28D-310021FC7497}.Debug|Any CPU.Build.0 = Debug|Any CPU
		{251377A9-A220-453D-A28D-310021FC7497}.Debug|x64.ActiveCfg = Debug|Any CPU
		{251377A9-A220-453D-A28D-310021FC7497}.Debug|x64.Build.0 = Debug|Any CPU
		{251377A9-A220-453D-A28D-310021FC7497}.Debug|x86.ActiveCfg = Debug|Any CPU
		{251377A9-A220-453D-A28D-310021FC7497}.Debug|x86.Build.0 = Debug|Any CPU
		{251377A9-A220-453D-A28D-310021FC7497}.Release|Any CPU.ActiveCfg = Release|Any CPU
		{251377A9-A220-453D-A28D-310021FC7497}.Release|Any CPU.Build.0 = Release|Any CPU
		{251377A9-A220-453D-A28D-310021FC7497}.Release|x64.ActiveCfg = Release|Any CPU
		{251377A9-A220-453D-A28D-310021FC7497}.Release|x64.Build.0 = Release|Any CPU
		{251377A9-A220-453D-A28D-310021FC7497}.Release|x86.ActiveCfg = Release|Any CPU
		{251377A9-A220-453D-A28D-310021FC7497}.Release|x86.Build.0 = Release|Any CPU
		{64E5605D-B02E-48FC-BFB4-5A7875DC867E}.Debug|Any CPU.ActiveCfg = Debug|Any CPU
		{64E5605D-B02E-48FC-BFB4-5A7875DC867E}.Debug|Any CPU.Build.0 = Debug|Any CPU
		{64E5605D-B02E-48FC-BFB4-5A7875DC867E}.Debug|x64.ActiveCfg = Debug|Any CPU
		{64E5605D-B02E-48FC-BFB4-5A7875DC867E}.Debug|x64.Build.0 = Debug|Any CPU
		{64E5605D-B02E-48FC-BFB4-5A7875DC867E}.Debug|x86.ActiveCfg = Debug|Any CPU
		{64E5605D-B02E-48FC-BFB4-5A7875DC867E}.Debug|x86.Build.0 = Debug|Any CPU
		{64E5605D-B02E-48FC-BFB4-5A7875DC867E}.Release|Any CPU.ActiveCfg = Release|Any CPU
		{64E5605D-B02E-48FC-BFB4-5A7875DC867E}.Release|Any CPU.Build.0 = Release|Any CPU
		{64E5605D-B02E-48FC-BFB4-5A7875DC867E}.Release|x64.ActiveCfg = Release|Any CPU
		{64E5605D-B02E-48FC-BFB4-5A7875DC867E}.Release|x64.Build.0 = Release|Any CPU
		{64E5605D-B02E-48FC-BFB4-5A7875DC867E}.Release|x86.ActiveCfg = Release|Any CPU
		{64E5605D-B02E-48FC-BFB4-5A7875DC867E}.Release|x86.Build.0 = Release|Any CPU
		{734A9A79-CFD4-43A1-9707-63BF6E566C4F}.Debug|Any CPU.ActiveCfg = Debug|Any CPU
		{734A9A79-CFD4-43A1-9707-63BF6E566C4F}.Debug|Any CPU.Build.0 = Debug|Any CPU
		{734A9A79-CFD4-43A1-9707-63BF6E566C4F}.Debug|x64.ActiveCfg = Debug|Any CPU
		{734A9A79-CFD4-43A1-9707-63BF6E566C4F}.Debug|x64.Build.0 = Debug|Any CPU
		{734A9A79-CFD4-43A1-9707-63BF6E566C4F}.Debug|x86.ActiveCfg = Debug|Any CPU
		{734A9A79-CFD4-43A1-9707-63BF6E566C4F}.Debug|x86.Build.0 = Debug|Any CPU
		{734A9A79-CFD4-43A1-9707-63BF6E566C4F}.Release|Any CPU.ActiveCfg = Release|Any CPU
		{734A9A79-CFD4-43A1-9707-63BF6E566C4F}.Release|Any CPU.Build.0 = Release|Any CPU
		{734A9A79-CFD4-43A1-9707-63BF6E566C4F}.Release|x64.ActiveCfg = Release|Any CPU
		{734A9A79-CFD4-43A1-9707-63BF6E566C4F}.Release|x64.Build.0 = Release|Any CPU
		{734A9A79-CFD4-43A1-9707-63BF6E566C4F}.Release|x86.ActiveCfg = Release|Any CPU
		{734A9A79-CFD4-43A1-9707-63BF6E566C4F}.Release|x86.Build.0 = Release|Any CPU
	EndGlobalSection
	GlobalSection(SolutionProperties) = preSolution
		HideSolutionNode = FALSE
	EndGlobalSection
	GlobalSection(NestedProjects) = preSolution
		{63713F6E-EF59-4678-93FA-6B171459C52D} = {827E0CD3-B72D-47B6-A68D-7590B98EB39B}
		{3732D18C-C24E-4BF0-AF5B-FE196F98B98A} = {827E0CD3-B72D-47B6-A68D-7590B98EB39B}
		{4ABB6A62-AA5F-4CC8-BCB7-06B02CE9AC08} = {827E0CD3-B72D-47B6-A68D-7590B98EB39B}
		{855E7900-A949-4ACE-9B71-06B56344BB27} = {0AB3BF05-4346-4AA6-1389-037BE0695223}
		{FF6E88BA-74C3-41F1-A7F0-75EEDE077A12} = {827E0CD3-B72D-47B6-A68D-7590B98EB39B}
		{251377A9-A220-453D-A28D-310021FC7497} = {0AB3BF05-4346-4AA6-1389-037BE0695223}
		{64E5605D-B02E-48FC-BFB4-5A7875DC867E} = {827E0CD3-B72D-47B6-A68D-7590B98EB39B}
		{734A9A79-CFD4-43A1-9707-63BF6E566C4F} = {0AB3BF05-4346-4AA6-1389-037BE0695223}
	EndGlobalSection
EndGlobal
